{
  "nodes": {
    "nixpkgs": {
      "locked": {
        "lastModified": 1778839678,
        "narHash": "sha256-thPtLgK+UoBEyGC0e1Cl+gI9apePqvzd2VCdbdguyQU=",
        "owner": "nixos",
        "repo": "nixpkgs",
        "rev": "3f3001c30537feefd238bb5805633cb2220859e8",
        "type": "github"
      },
      "original": {
        "owner": "nixos",
        "repo": "nixpkgs",
        "type": "github"
      }
    },
    "root": {
      "inputs": {
        "nixpkgs": "nixpkgs"
      }
    }
  },
  "root": "root",
  "version": 7
}
